
Microsoft Visual Studio Solution File, Format Version 12.00
# Visual Studio Version 16
VisualStudioVersion = 16.0.29728.190
MinimumVisualStudioVersion = 10.0.40219.1
Project("{9A19103F-16F7-4668-BE54-9A1E7A4F7556}") = "TechnicalTestApp", "TechnicalTestApp\TechnicalTestApp.csproj", "{F4EA2FBE-E9CD-4D84-9B80-BF27FBC4741C}"
EndProject
Project("{FAE04EC0-301F-11D3-BF4B-00C04F79EFBC}") = "TechnicalTestApp.UnitTests", "TechnicalTestApp.UnitTests\TechnicalTestApp.UnitTests.csproj", "{58B57273-6605-4D9C-998E-9134E1CBDC87}"
EndProject
Global
	GlobalSection(SolutionConfigurationPlatforms) = preSolution
		Debug|Any CPU = Debug|Any CPU
		Release|Any CPU = Release|Any CPU
	EndGlobalSection
	GlobalSection(ProjectConfigurationPlatforms) = postSolution
		{F4EA2FBE-E9CD-4D84-9B80-BF27FBC4741C}.Debug|Any CPU.ActiveCfg = Debug|Any CPU
		{F4EA2FBE-E9CD-4D84-9B80-BF27FBC4741C}.Debug|Any CPU.Build.0 = Debug|Any CPU
		{F4EA2FBE-E9CD-4D84-9B80-BF27FBC4741C}.Release|Any CPU.ActiveCfg = Release|Any CPU
		{F4EA2FBE-E9CD-4D84-9B80-BF27FBC4741C}.Release|Any CPU.Build.0 = Release|Any CPU
		{58B57273-6605-4D9C-998E-9134E1CBDC87}.Debug|Any CPU.ActiveCfg = Debug|Any CPU
		{58B57273-6605-4D9C-998E-9134E1CBDC87}.Debug|Any CPU.Build.0 = Debug|Any CPU
		{58B57273-6605-4D9C-998E-9134E1CBDC87}.Release|Any CPU.ActiveCfg = Release|Any CPU
		{58B57273-6605-4D9C-998E-9134E1CBDC87}.Release|Any CPU.Build.0 = Release|Any CPU
	EndGlobalSection
	GlobalSection(SolutionProperties) = preSolution
		HideSolutionNode = FALSE
	EndGlobalSection
	GlobalSection(ExtensibilityGlobals) = postSolution
		SolutionGuid = {71DA0BF0-4A7F-4C80-9F92-FF004E327BD5}
	EndGlobalSection
EndGlobal
